
Microsoft Visual Studio Solution File, Format Version 12.00
# Visual Studio Version 17
Project("{8BC9CEB8-8B4A-11D0-8D11-00A0C91BC942}") = "ALL_BUILD", "ALL_BUILD.vcxproj", "{CFF01C7C-AF8D-3648-A6CF-EF01345CD38D}"
	ProjectSection(ProjectDependencies) = postProject
		{A4A35000-A562-3A06-BCBA-A241F2D36941} = {A4A35000-A562-3A06-BCBA-A241F2D36941}
		{FB7F3D68-CC75-3648-9FD7-D78263ADD5E9} = {FB7F3D68-CC75-3648-9FD7-D78263ADD5E9}
		{B3718557-BB4E-3077-8D4E-9AE77FC3DC4A} = {B3718557-BB4E-3077-8D4E-9AE77FC3DC4A}
		{A1069339-828C-3F04-B23D-74DCBFBEA009} = {A1069339-828C-3F04-B23D-74DCBFBEA009}
		{2A1D7FF5-8E1C-3BAD-914B-6C866B033E1A} = {2A1D7FF5-8E1C-3BAD-914B-6C866B033E1A}
		{9AA57AA2-783F-36FF-910C-7D37D9CE4AE4} = {9AA57AA2-783F-36FF-910C-7D37D9CE4AE4}
		{B28188CB-0DC2-3B94-82AC-864A59BA879D} = {B28188CB-0DC2-3B94-82AC-864A59BA879D}
		{DC61AAE0-5AC6-30DC-A13D-E49B83871219} = {DC61AAE0-5AC6-30DC-A13D-E49B83871219}
	EndProjectSection
EndProject
Project("{8BC9CEB8-8B4A-11D0-8D11-00A0C91BC942}") = "ZERO_CHECK", "ZERO_CHECK.vcxproj", "{A4A35000-A562-3A06-BCBA-A241F2D36941}"
	ProjectSection(ProjectDependencies) = postProject
	EndProjectSection
EndProject
Project("{8BC9CEB8-8B4A-11D0-8D11-00A0C91BC942}") = "compute_bench", "compute_bench.vcxproj", "{FB7F3D68-CC75-3648-9FD7-D78263ADD5E9}"
	ProjectSection(ProjectDependencies) = postProject
		{A4A35000-A562-3A06-BCBA-A241F2D36941} = {A4A35000-A562-3A06-BCBA-A241F2D36941}
	EndProjectSection
EndProject
Project("{8BC9CEB8-8B4A-11D0-8D11-00A0C91BC942}") = "mnist_infer", "mnist_infer.vcxproj", "{B3718557-BB4E-3077-8D4E-9AE77FC3DC4A}"
	ProjectSection(ProjectDependencies) = postProject
		{A4A35000-A562-3A06-BCBA-A241F2D36941} = {A4A35000-A562-3A06-BCBA-A241F2D36941}
	EndProjectSection
EndProject
Project("{8BC9CEB8-8B4A-11D0-8D11-00A0C91BC942}") = "mnist_train", "mnist_train.vcxproj", "{A1069339-828C-3F04-B23D-74DCBFBEA009}"
	ProjectSection(ProjectDependencies) = postProject
		{A4A35000-A562-3A06-BCBA-A241F2D36941} = {A4A35000-A562-3A06-BCBA-A241F2D36941}
	EndProjectSection
EndProject
Project("{8BC9CEB8-8B4A-11D0-8D11-00A0C91BC942}") = "text_infer", "text_infer.vcxproj", "{2A1D7FF5-8E1C-3BAD-914B-6C866B033E1A}"
	ProjectSection(ProjectDependencies) = postProject
		{A4A35000-A562-3A06-BCBA-A241F2D36941} = {A4A35000-A562-3A06-BCBA-A241F2D36941}
	EndProjectSection
EndProject
Project("{8BC9CEB8-8B4A-11D0-8D11-00A0C91BC942}") = "text_train", "text_train.vcxproj", "{9AA57AA2-783F-36FF-910C-7D37D9CE4AE4}"
	ProjectSection(ProjectDependencies) = postProject
		{A4A35000-A562-3A06-BCBA-A241F2D36941} = {A4A35000-A562-3A06-BCBA-A241F2D36941}
	EndProjectSection
EndProject
Project("{8BC9CEB8-8B4A-11D0-8D11-00A0C91BC942}") = "tokenizer_infer", "tokenizer_infer.vcxproj", "{B28188CB-0DC2-3B94-82AC-864A59BA879D}"
	ProjectSection(ProjectDependencies) = postProject
		{A4A35000-A562-3A06-BCBA-A241F2D36941} = {A4A35000-A562-3A06-BCBA-A241F2D36941}
	EndProjectSection
EndProject
Project("{8BC9CEB8-8B4A-11D0-8D11-00A0C91BC942}") = "tokenizer_train", "tokenizer_train.vcxproj", "{DC61AAE0-5AC6-30DC-A13D-E49B83871219}"
	ProjectSection(ProjectDependencies) = postProject
		{A4A35000-A562-3A06-BCBA-A241F2D36941} = {A4A35000-A562-3A06-BCBA-A241F2D36941}
	EndProjectSection
EndProject
Global
	GlobalSection(SolutionConfigurationPlatforms) = preSolution
		Debug|x64 = Debug|x64
		Release|x64 = Release|x64
		MinSizeRel|x64 = MinSizeRel|x64
		RelWithDebInfo|x64 = RelWithDebInfo|x64
	EndGlobalSection
	GlobalSection(ProjectConfigurationPlatforms) = postSolution
		{CFF01C7C-AF8D-3648-A6CF-EF01345CD38D}.Debug|x64.ActiveCfg = Debug|x64
		{CFF01C7C-AF8D-3648-A6CF-EF01345CD38D}.Release|x64.ActiveCfg = Release|x64
		{CFF01C7C-AF8D-3648-A6CF-EF01345CD38D}.MinSizeRel|x64.ActiveCfg = MinSizeRel|x64
		{CFF01C7C-AF8D-3648-A6CF-EF01345CD38D}.RelWithDebInfo|x64.ActiveCfg = RelWithDebInfo|x64
		{A4A35000-A562-3A06-BCBA-A241F2D36941}.Debug|x64.ActiveCfg = Debug|x64
		{A4A35000-A562-3A06-BCBA-A241F2D36941}.Debug|x64.Build.0 = Debug|x64
		{A4A35000-A562-3A06-BCBA-A241F2D36941}.Release|x64.ActiveCfg = Release|x64
		{A4A35000-A562-3A06-BCBA-A241F2D36941}.Release|x64.Build.0 = Release|x64
		{A4A35000-A562-3A06-BCBA-A241F2D36941}.MinSizeRel|x64.ActiveCfg = MinSizeRel|x64
		{A4A35000-A562-3A06-BCBA-A241F2D36941}.MinSizeRel|x64.Build.0 = MinSizeRel|x64
		{A4A35000-A562-3A06-BCBA-A241F2D36941}.RelWithDebInfo|x64.ActiveCfg = RelWithDebInfo|x64
		{A4A35000-A562-3A06-BCBA-A241F2D36941}.RelWithDebInfo|x64.Build.0 = RelWithDebInfo|x64
		{FB7F3D68-CC75-3648-9FD7-D78263ADD5E9}.Debug|x64.ActiveCfg = Debug|x64
		{FB7F3D68-CC75-3648-9FD7-D78263ADD5E9}.Debug|x64.Build.0 = Debug|x64
		{FB7F3D68-CC75-3648-9FD7-D78263ADD5E9}.Release|x64.ActiveCfg = Release|x64
		{FB7F3D68-CC75-3648-9FD7-D78263ADD5E9}.Release|x64.Build.0 = Release|x64
		{FB7F3D68-CC75-3648-9FD7-D78263ADD5E9}.MinSizeRel|x64.ActiveCfg = MinSizeRel|x64
		{FB7F3D68-CC75-3648-9FD7-D78263ADD5E9}.MinSizeRel|x64.Build.0 = MinSizeRel|x64
		{FB7F3D68-CC75-3648-9FD7-D78263ADD5E9}.RelWithDebInfo|x64.ActiveCfg = RelWithDebInfo|x64
		{FB7F3D68-CC75-3648-9FD7-D78263ADD5E9}.RelWithDebInfo|x64.Build.0 = RelWithDebInfo|x64
		{B3718557-BB4E-3077-8D4E-9AE77FC3DC4A}.Debug|x64.ActiveCfg = Debug|x64
		{B3718557-BB4E-3077-8D4E-9AE77FC3DC4A}.Debug|x64.Build.0 = Debug|x64
		{B3718557-BB4E-3077-8D4E-9AE77FC3DC4A}.Release|x64.ActiveCfg = Release|x64
		{B3718557-BB4E-3077-8D4E-9AE77FC3DC4A}.Release|x64.Build.0 = Release|x64
		{B3718557-BB4E-3077-8D4E-9AE77FC3DC4A}.MinSizeRel|x64.ActiveCfg = MinSizeRel|x64
		{B3718557-BB4E-3077-8D4E-9AE77FC3DC4A}.MinSizeRel|x64.Build.0 = MinSizeRel|x64
		{B3718557-BB4E-3077-8D4E-9AE77FC3DC4A}.RelWithDebInfo|x64.ActiveCfg = RelWithDebInfo|x64
		{B3718557-BB4E-3077-8D4E-9AE77FC3DC4A}.RelWithDebInfo|x64.Build.0 = RelWithDebInfo|x64
		{A1069339-828C-3F04-B23D-74DCBFBEA009}.Debug|x64.ActiveCfg = Debug|x64
		{A1069339-828C-3F04-B23D-74DCBFBEA009}.Debug|x64.Build.0 = Debug|x64
		{A1069339-828C-3F04-B23D-74DCBFBEA009}.Release|x64.ActiveCfg = Release|x64
		{A1069339-828C-3F04-B23D-74DCBFBEA009}.Release|x64.Build.0 = Release|x64
		{A1069339-828C-3F04-B23D-74DCBFBEA009}.MinSizeRel|x64.ActiveCfg = MinSizeRel|x64
		{A1069339-828C-3F04-B23D-74DCBFBEA009}.MinSizeRel|x64.Build.0 = MinSizeRel|x64
		{A1069339-828C-3F04-B23D-74DCBFBEA009}.RelWithDebInfo|x64.ActiveCfg = RelWithDebInfo|x64
		{A1069339-828C-3F04-B23D-74DCBFBEA009}.RelWithDebInfo|x64.Build.0 = RelWithDebInfo|x64
		{2A1D7FF5-8E1C-3BAD-914B-6C866B033E1A}.Debug|x64.ActiveCfg = Debug|x64
		{2A1D7FF5-8E1C-3BAD-914B-6C866B033E1A}.Debug|x64.Build.0 = Debug|x64
		{2A1D7FF5-8E1C-3BAD-914B-6C866B033E1A}.Release|x64.ActiveCfg = Release|x64
		{2A1D7FF5-8E1C-3BAD-914B-6C866B033E1A}.Release|x64.Build.0 = Release|x64
		{2A1D7FF5-8E1C-3BAD-914B-6C866B033E1A}.MinSizeRel|x64.ActiveCfg = MinSizeRel|x64
		{2A1D7FF5-8E1C-3BAD-914B-6C866B033E1A}.MinSizeRel|x64.Build.0 = MinSizeRel|x64
		{2A1D7FF5-8E1C-3BAD-914B-6C866B033E1A}.RelWithDebInfo|x64.ActiveCfg = RelWithDebInfo|x64
		{2A1D7FF5-8E1C-3BAD-914B-6C866B033E1A}.RelWithDebInfo|x64.Build.0 = RelWithDebInfo|x64
		{9AA57AA2-783F-36FF-910C-7D37D9CE4AE4}.Debug|x64.ActiveCfg = Debug|x64
		{9AA57AA2-783F-36FF-910C-7D37D9CE4AE4}.Debug|x64.Build.0 = Debug|x64
		{9AA57AA2-783F-36FF-910C-7D37D9CE4AE4}.Release|x64.ActiveCfg = Release|x64
		{9AA57AA2-783F-36FF-910C-7D37D9CE4AE4}.Release|x64.Build.0 = Release|x64
		{9AA57AA2-783F-36FF-910C-7D37D9CE4AE4}.MinSizeRel|x64.ActiveCfg = MinSizeRel|x64
		{9AA57AA2-783F-36FF-910C-7D37D9CE4AE4}.MinSizeRel|x64.Build.0 = MinSizeRel|x64
		{9AA57AA2-783F-36FF-910C-7D37D9CE4AE4}.RelWithDebInfo|x64.ActiveCfg = RelWithDebInfo|x64
		{9AA57AA2-783F-36FF-910C-7D37D9CE4AE4}.RelWithDebInfo|x64.Build.0 = RelWithDebInfo|x64
		{B28188CB-0DC2-3B94-82AC-864A59BA879D}.Debug|x64.ActiveCfg = Debug|x64
		{B28188CB-0DC2-3B94-82AC-864A59BA879D}.Debug|x64.Build.0 = Debug|x64
		{B28188CB-0DC2-3B94-82AC-864A59BA879D}.Release|x64.ActiveCfg = Release|x64
		{B28188CB-0DC2-3B94-82AC-864A59BA879D}.Release|x64.Build.0 = Release|x64
		{B28188CB-0DC2-3B94-82AC-864A59BA879D}.MinSizeRel|x64.ActiveCfg = MinSizeRel|x64
		{B28188CB-0DC2-3B94-82AC-864A59BA879D}.MinSizeRel|x64.Build.0 = MinSizeRel|x64
		{B28188CB-0DC2-3B94-82AC-864A59BA879D}.RelWithDebInfo|x64.ActiveCfg = RelWithDebInfo|x64
		{B28188CB-0DC2-3B94-82AC-864A59BA879D}.RelWithDebInfo|x64.Build.0 = RelWithDebInfo|x64
		{DC61AAE0-5AC6-30DC-A13D-E49B83871219}.Debug|x64.ActiveCfg = Debug|x64
		{DC61AAE0-5AC6-30DC-A13D-E49B83871219}.Debug|x64.Build.0 = Debug|x64
		{DC61AAE0-5AC6-30DC-A13D-E49B83871219}.Release|x64.ActiveCfg = Release|x64
		{DC61AAE0-5AC6-30DC-A13D-E49B83871219}.Release|x64.Build.0 = Release|x64
		{DC61AAE0-5AC6-30DC-A13D-E49B83871219}.MinSizeRel|x64.ActiveCfg = MinSizeRel|x64
		{DC61AAE0-5AC6-30DC-A13D-E49B83871219}.MinSizeRel|x64.Build.0 = MinSizeRel|x64
		{DC61AAE0-5AC6-30DC-A13D-E49B83871219}.RelWithDebInfo|x64.ActiveCfg = RelWithDebInfo|x64
		{DC61AAE0-5AC6-30DC-A13D-E49B83871219}.RelWithDebInfo|x64.Build.0 = RelWithDebInfo|x64
	EndGlobalSection
	GlobalSection(ExtensibilityGlobals) = postSolution
		SolutionGuid = {6FCA3CCD-94DC-3B77-A15E-398811728C47}
	EndGlobalSection
	GlobalSection(ExtensibilityAddIns) = postSolution
	EndGlobalSection
EndGlobal
